<?xml version="1.0" encoding="utf-8"?>
<Project ToolsVersion="4.0" xmlns="http://schemas.microsoft.com/developer/msbuild/2003">
  <ItemGroup>
    <Filter Include="Source Files">
      <UniqueIdentifier>{4FC737F1-C7A5-4376-A066-2A32D752A2FF}</UniqueIdentifier>
      <Extensions>cpp;c;cc;cxx;def;odl;idl;hpj;bat;asm;asmx</Extensions>
    </Filter>
    <Filter Include="Header Files">
      <UniqueIdentifier>{93995380-89BD-4b04-88EB-625FBE52EBFB}</UniqueIdentifier>
      <Extensions>h;hh;hpp;hxx;hm;inl;inc;xsd</Extensions>
    </Filter>
    <Filter Include="Resource Files">
      <UniqueIdentifier>{67DA6AB6-F800-4c08-8B7A-83BB121AAD01}</UniqueIdentifier>
      <Extensions>rc;ico;cur;bmp;dlg;rc2;rct;bin;rgs;gif;jpg;jpeg;jpe;resx;tiff;tif;png;wav</Extensions>
    </Filter>
  </ItemGroup>
  <ItemGroup>
    <ClCompile Include="misc\3ds2bzw.cxx">
      <Filter>Source Files</Filter>
    </ClCompile>
    <ClCompile Include="misc\rrlog.cxx">
      <Filter>Source Files</Filter>
    </ClCompile>
    <ClCompile Include="misc\Template.cxx">
      <Filter>Source Files</Filter>
    </ClCompile>
    <ClCompile Include="misc\man2html.c">
      <Filter>Source Files</Filter>
    </ClCompile>
    <ClCompile Include="plugins\airspawn\airspawn.cpp">
      <Filter>Source Files</Filter>
    </ClCompile>
    <ClCompile Include="plugins\autoflagreset\autoFlagReset.cpp">
      <Filter>Source Files</Filter>
    </ClCompile>
    <ClCompile Include="plugins\bzfscron\bzfscron.cpp">
      <Filter>Source Files</Filter>
    </ClCompile>
    <ClCompile Include="plugins\bzfscron\CronJob.cpp">
      <Filter>Source Files</Filter>
    </ClCompile>
    <ClCompile Include="plugins\chathistory\chathistory.cpp">
      <Filter>Source Files</Filter>
    </ClCompile>
    <ClCompile Include="plugins\customflagsample\customflagsample.cpp">
      <Filter>Source Files</Filter>
    </ClCompile>
    <ClCompile Include="plugins\custompolltypesample\customPollTypeSample.cpp">
      <Filter>Source Files</Filter>
    </ClCompile>
    <ClCompile Include="plugins\customzonesample\CustomZoneSample.cpp">
      <Filter>Source Files</Filter>
    </ClCompile>
    <ClCompile Include="plugins\fairctf\fairCTF.cpp">
      <Filter>Source Files</Filter>
    </ClCompile>
    <ClCompile Include="plugins\fastmap\fastmap.cpp">
      <Filter>Source Files</Filter>
    </ClCompile>
    <ClCompile Include="plugins\flagstay\flagStay.cpp">
      <Filter>Source Files</Filter>
    </ClCompile>
    <ClCompile Include="plugins\holdtheflag\HoldTheFlag.cpp">
      <Filter>Source Files</Filter>
    </ClCompile>
    <ClCompile Include="plugins\keepaway\keepaway.cpp">
      <Filter>Source Files</Filter>
    </ClCompile>
    <ClCompile Include="plugins\killall\killall.cpp">
      <Filter>Source Files</Filter>
    </ClCompile>
    <ClCompile Include="plugins\koth\koth.cpp">
      <Filter>Source Files</Filter>
    </ClCompile>
    <ClCompile Include="plugins\logdetail\logDetail.cpp">
      <Filter>Source Files</Filter>
    </ClCompile>
    <ClCompile Include="plugins\nagware\nagware.cpp">
      <Filter>Source Files</Filter>
    </ClCompile>
    <ClCompile Include="plugins\phoenix\Phoenix.cpp">
      <Filter>Source Files</Filter>
    </ClCompile>
    <ClCompile Include="plugins\playhistorytracker\playHistoryTracker.cpp">
      <Filter>Source Files</Filter>
    </ClCompile>
    <ClCompile Include="plugins\plugin_utils\plugin_config.cpp">
      <Filter>Source Files</Filter>
    </ClCompile>
    <ClCompile Include="plugins\plugin_utils\plugin_files.cpp">
      <Filter>Source Files</Filter>
    </ClCompile>
    <ClCompile Include="plugins\plugin_utils\plugin_groups.cpp">
      <Filter>Source Files</Filter>
    </ClCompile>
    <ClCompile Include="plugins\plugin_utils\plugin_utils.cpp">
      <Filter>Source Files</Filter>
    </ClCompile>
    <ClCompile Include="plugins\pushstats\pushstats.cpp">
      <Filter>Source Files</Filter>
    </ClCompile>
    <ClCompile Include="plugins\rabbittimer\rabbitTimer.cpp">
      <Filter>Source Files</Filter>
    </ClCompile>
    <ClCompile Include="plugins\rabidrabbit\rabidRabbit.cpp">
      <Filter>Source Files</Filter>
    </ClCompile>
    <ClCompile Include="plugins\recordmatch\recordmatch.cpp">
      <Filter>Source Files</Filter>
    </ClCompile>
    <ClCompile Include="plugins\regflag\regFlag.cpp">
      <Filter>Source Files</Filter>
    </ClCompile>
    <ClCompile Include="plugins\roguegenocide\RogueGenocide.cpp">
      <Filter>Source Files</Filter>
    </ClCompile>
    <ClCompile Include="plugins\sample_plugin\SAMPLE_PLUGIN.cpp">
      <Filter>Source Files</Filter>
    </ClCompile>
    <ClCompile Include="plugins\servercontrol\serverControl.cpp">
      <Filter>Source Files</Filter>
    </ClCompile>
    <ClCompile Include="plugins\serversideplayersample\playerHandler.cpp">
      <Filter>Source Files</Filter>
    </ClCompile>
    <ClCompile Include="plugins\serversideplayersample\serverSidePlayerSample.cpp">
      <Filter>Source Files</Filter>
    </ClCompile>
    <ClCompile Include="plugins\shockwavedeath\shockwaveDeath.cpp">
      <Filter>Source Files</Filter>
    </ClCompile>
    <ClCompile Include="plugins\superuser\superUser.cpp">
      <Filter>Source Files</Filter>
    </ClCompile>
    <ClCompile Include="plugins\teamflagreset\teamflagreset.cpp">
      <Filter>Source Files</Filter>
    </ClCompile>
    <ClCompile Include="plugins\thiefcontrol\thiefControl.cpp">
      <Filter>Source Files</Filter>
    </ClCompile>
    <ClCompile Include="plugins\timedctf\timedctf.cpp">
      <Filter>Source Files</Filter>
    </ClCompile>
    <ClCompile Include="plugins\timelimit\TimeLimit.cpp">
      <Filter>Source Files</Filter>
    </ClCompile>
    <ClCompile Include="plugins\wwzones\wwzones.cpp">
      <Filter>Source Files</Filter>
    </ClCompile>
    <ClCompile Include="src\3d\FontManager.cxx">
      <Filter>Source Files</Filter>
    </ClCompile>
    <ClCompile Include="src\3d\ImageFont.cxx">
      <Filter>Source Files</Filter>
    </ClCompile>
    <ClCompile Include="src\3d\TextureFont.cxx">
      <Filter>Source Files</Filter>
    </ClCompile>
    <ClCompile Include="src\3d\TextureManager.cxx">
      <Filter>Source Files</Filter>
    </ClCompile>
    <ClCompile Include="src\bzadmin\bzadmin.cxx">
      <Filter>Source Files</Filter>
    </ClCompile>
    <ClCompile Include="src\bzadmin\BZAdminClient.cxx">
      <Filter>Source Files</Filter>
    </ClCompile>
    <ClCompile Include="src\bzadmin\BZAdminUI.cxx">
      <Filter>Source Files</Filter>
    </ClCompile>
    <ClCompile Include="src\bzadmin\CursesMenu.cxx">
      <Filter>Source Files</Filter>
    </ClCompile>
    <ClCompile Include="src\bzadmin\CursesUI.cxx">
      <Filter>Source Files</Filter>
    </ClCompile>
    <ClCompile Include="src\bzadmin\OptionParser.cxx">
      <Filter>Source Files</Filter>
    </ClCompile>
    <ClCompile Include="src\bzadmin\ServerLink.cxx">
      <Filter>Source Files</Filter>
    </ClCompile>
    <ClCompile Include="src\bzadmin\StdBothUI.cxx">
      <Filter>Source Files</Filter>
    </ClCompile>
    <ClCompile Include="src\bzadmin\StdInUI.cxx">
      <Filter>Source Files</Filter>
    </ClCompile>
    <ClCompile Include="src\bzadmin\StdOutUI.cxx">
      <Filter>Source Files</Filter>
    </ClCompile>
    <ClCompile Include="src\bzadmin\UIMap.cxx">
      <Filter>Source Files</Filter>
    </ClCompile>
    <ClCompile Include="src\bzflag\ActionBinding.cxx">
      <Filter>Source Files</Filter>
    </ClCompile>
    <ClCompile Include="src\bzflag\AudioMenu.cxx">
      <Filter>Source Files</Filter>
    </ClCompile>
    <ClCompile Include="src\bzflag\AutoPilot.cxx">
      <Filter>Source Files</Filter>
    </ClCompile>
    <ClCompile Include="src\bzflag\BackgroundRenderer.cxx">
      <Filter>Source Files</Filter>
    </ClCompile>
    <ClCompile Include="src\bzflag\BaseLocalPlayer.cxx">
      <Filter>Source Files</Filter>
    </ClCompile>
    <ClCompile Include="src\bzflag\bzflag.cxx">
      <Filter>Source Files</Filter>
    </ClCompile>
    <ClCompile Include="src\bzflag\CacheMenu.cxx">
      <Filter>Source Files</Filter>
    </ClCompile>
    <ClCompile Include="src\bzflag\callbacks.cxx">
      <Filter>Source Files</Filter>
    </ClCompile>
    <ClCompile Include="src\bzflag\clientCommands.cxx">
      <Filter>Source Files</Filter>
    </ClCompile>
    <ClCompile Include="src\bzflag\clientConfig.cxx">
      <Filter>Source Files</Filter>
    </ClCompile>
    <ClCompile Include="src\bzflag\CommandsImplementation.cxx">
      <Filter>Source Files</Filter>
    </ClCompile>
    <ClCompile Include="src\bzflag\ComposeDefaultKey.cxx">
      <Filter>Source Files</Filter>
    </ClCompile>
    <ClCompile Include="src\bzflag\ControlPanel.cxx">
      <Filter>Source Files</Filter>
    </ClCompile>
    <ClCompile Include="src\bzflag\daylight.cxx">
      <Filter>Source Files</Filter>
    </ClCompile>
    <ClCompile Include="src\bzflag\defaultBZDB.cxx">
      <Filter>Source Files</Filter>
    </ClCompile>
    <ClCompile Include="src\bzflag\DisplayMenu.cxx">
      <Filter>Source Files</Filter>
    </ClCompile>
    <ClCompile Include="src\bzflag\Downloads.cxx">
      <Filter>Source Files</Filter>
    </ClCompile>
    <ClCompile Include="src\bzflag\EffectsMenu.cxx">
      <Filter>Source Files</Filter>
    </ClCompile>
    <ClCompile Include="src\bzflag\effectsRenderer.cxx">
      <Filter>Source Files</Filter>
    </ClCompile>
    <ClCompile Include="src\bzflag\EntryZone.cxx">
      <Filter>Source Files</Filter>
    </ClCompile>
    <ClCompile Include="src\bzflag\FlashClock.cxx">
      <Filter>Source Files</Filter>
    </ClCompile>
    <ClCompile Include="src\bzflag\ForceFeedback.cxx">
      <Filter>Source Files</Filter>
    </ClCompile>
    <ClCompile Include="src\bzflag\FormatMenu.cxx">
      <Filter>Source Files</Filter>
    </ClCompile>
    <ClCompile Include="src\bzflag\GuidedMissleStrategy.cxx">
      <Filter>Source Files</Filter>
    </ClCompile>
    <ClCompile Include="src\bzflag\GUIOptionsMenu.cxx">
      <Filter>Source Files</Filter>
    </ClCompile>
    <ClCompile Include="src\bzflag\HelpMenu.cxx">
      <Filter>Source Files</Filter>
    </ClCompile>
    <ClCompile Include="src\bzflag\HUDDialog.cxx">
      <Filter>Source Files</Filter>
    </ClCompile>
    <ClCompile Include="src\bzflag\HUDDialogStack.cxx">
      <Filter>Source Files</Filter>
    </ClCompile>
    <ClCompile Include="src\bzflag\HUDRenderer.cxx">
      <Filter>Source Files</Filter>
    </ClCompile>
    <ClCompile Include="src\bzflag\HUDui.cxx">
      <Filter>Source Files</Filter>
    </ClCompile>
    <ClCompile Include="src\bzflag\HUDuiControl.cxx">
      <Filter>Source Files</Filter>
    </ClCompile>
    <ClCompile Include="src\bzflag\HUDuiDefaultKey.cxx">
      <Filter>Source Files</Filter>
    </ClCompile>
    <ClCompile Include="src\bzflag\HUDuiLabel.cxx">
      <Filter>Source Files</Filter>
    </ClCompile>
    <ClCompile Include="src\bzflag\HUDuiList.cxx">
      <Filter>Source Files</Filter>
    </ClCompile>
    <ClCompile Include="src\bzflag\HUDuiTextureLabel.cxx">
      <Filter>Source Files</Filter>
    </ClCompile>
    <ClCompile Include="src\bzflag\HUDuiTypeIn.cxx">
      <Filter>Source Files</Filter>
    </ClCompile>
    <ClCompile Include="src\bzflag\InputMenu.cxx">
      <Filter>Source Files</Filter>
    </ClCompile>
    <ClCompile Include="src\bzflag\JoinMenu.cxx">
      <Filter>Source Files</Filter>
    </ClCompile>
    <ClCompile Include="src\bzflag\KeyboardMapMenu.cxx">
      <Filter>Source Files</Filter>
    </ClCompile>
    <ClCompile Include="src\bzflag\LocalCommand.cxx">
      <Filter>Source Files</Filter>
    </ClCompile>
    <ClCompile Include="src\bzflag\LocalPlayer.cxx">
      <Filter>Source Files</Filter>
    </ClCompile>
    <ClCompile Include="src\bzflag\MainMenu.cxx">
      <Filter>Source Files</Filter>
    </ClCompile>
    <ClCompile Include="src\bzflag\MainWindow.cxx">
      <Filter>Source Files</Filter>
    </ClCompile>
    <ClCompile Include="src\bzflag\MenuDefaultKey.cxx">
      <Filter>Source Files</Filter>
    </ClCompile>
    <ClCompile Include="src\bzflag\motd.cxx">
      <Filter>Source Files</Filter>
    </ClCompile>
    <ClCompile Include="src\bzflag\NewVersionMenu.cxx">
      <Filter>Source Files</Filter>
    </ClCompile>
    <ClCompile Include="src\bzflag\OptionsMenu.cxx">
      <Filter>Source Files</Filter>
    </ClCompile>
    <ClCompile Include="src\bzflag\Plan.cxx">
      <Filter>Source Files</Filter>
    </ClCompile>
    <ClCompile Include="src\bzflag\Player.cxx">
      <Filter>Source Files</Filter>
    </ClCompile>
    <ClCompile Include="src\bzflag\playing.cxx">
      <Filter>Source Files</Filter>
    </ClCompile>
    <ClCompile Include="src\bzflag\QuickKeysMenu.cxx">
      <Filter>Source Files</Filter>
    </ClCompile>
    <ClCompile Include="src\bzflag\QuitMenu.cxx">
      <Filter>Source Files</Filter>
    </ClCompile>
    <ClCompile Include="src\bzflag\RadarRenderer.cxx">
      <Filter>Source Files</Filter>
    </ClCompile>
    <ClCompile Include="src\bzflag\Region.cxx">
      <Filter>Source Files</Filter>
    </ClCompile>
    <ClCompile Include="src\bzflag\RegionPriorityQueue.cxx">
      <Filter>Source Files</Filter>
    </ClCompile>
    <ClCompile Include="src\bzflag\RemotePlayer.cxx">
      <Filter>Source Files</Filter>
    </ClCompile>
    <ClCompile Include="src\bzflag\Roaming.cxx">
      <Filter>Source Files</Filter>
    </ClCompile>
    <ClCompile Include="src\bzflag\RobotPlayer.cxx">
      <Filter>Source Files</Filter>
    </ClCompile>
    <ClCompile Include="src\bzflag\RoofTops.cxx">
      <Filter>Source Files</Filter>
    </ClCompile>
    <ClCompile Include="src\bzflag\Roster.cxx">
      <Filter>Source Files</Filter>
    </ClCompile>
    <ClCompile Include="src\bzflag\SaveWorldMenu.cxx">
      <Filter>Source Files</Filter>
    </ClCompile>
    <ClCompile Include="src\bzflag\SceneBuilder.cxx">
      <Filter>Source Files</Filter>
    </ClCompile>
    <ClCompile Include="src\bzflag\SceneRenderer.cxx">
      <Filter>Source Files</Filter>
    </ClCompile>
    <ClCompile Include="src\bzflag\ScoreboardRenderer.cxx">
      <Filter>Source Files</Filter>
    </ClCompile>
    <ClCompile Include="src\bzflag\SegmentedShotStrategy.cxx">
      <Filter>Source Files</Filter>
    </ClCompile>
    <ClCompile Include="src\bzflag\ServerCommandKey.cxx">
      <Filter>Source Files</Filter>
    </ClCompile>
    <ClCompile Include="src\bzflag\ServerLink.cxx">
      <Filter>Source Files</Filter>
    </ClCompile>
    <ClCompile Include="src\bzflag\ServerListFilter.cxx">
      <Filter>Source Files</Filter>
    </ClCompile>
    <ClCompile Include="src\bzflag\ServerListFilterHelpMenu.cxx">
      <Filter>Source Files</Filter>
    </ClCompile>
    <ClCompile Include="src\bzflag\ServerListFilterMenu.cxx">
      <Filter>Source Files</Filter>
    </ClCompile>
    <ClCompile Include="src\bzflag\ServerMenu.cxx">
      <Filter>Source Files</Filter>
    </ClCompile>
    <ClCompile Include="src\bzflag\ServerStartMenu.cxx">
      <Filter>Source Files</Filter>
    </ClCompile>
    <ClCompile Include="src\bzflag\ShockWaveStrategy.cxx">
      <Filter>Source Files</Filter>
    </ClCompile>
    <ClCompile Include="src\bzflag\ShotPath.cxx">
      <Filter>Source Files</Filter>
    </ClCompile>
    <ClCompile Include="src\bzflag\ShotPathSegment.cxx">
      <Filter>Source Files</Filter>
    </ClCompile>
    <ClCompile Include="src\bzflag\ShotStatistics.cxx">
      <Filter>Source Files</Filter>
    </ClCompile>
    <ClCompile Include="src\bzflag\ShotStats.cxx">
      <Filter>Source Files</Filter>
    </ClCompile>
    <ClCompile Include="src\bzflag\ShotStatsDefaultKey.cxx">
      <Filter>Source Files</Filter>
    </ClCompile>
    <ClCompile Include="src\bzflag\ShotStrategy.cxx">
      <Filter>Source Files</Filter>
    </ClCompile>
    <ClCompile Include="src\bzflag\SilenceDefaultKey.cxx">
      <Filter>Source Files</Filter>
    </ClCompile>
    <ClCompile Include="src\bzflag\sound.cxx">
      <Filter>Source Files</Filter>
    </ClCompile>
    <ClCompile Include="src\bzflag\stars.cxx">
      <Filter>Source Files</Filter>
    </ClCompile>
    <ClCompile Include="src\bzflag\TargetingUtils.cxx">
      <Filter>Source Files</Filter>
    </ClCompile>
    <ClCompile Include="src\bzflag\TrackMarks.cxx">
      <Filter>Source Files</Filter>
    </ClCompile>
    <ClCompile Include="src\bzflag\Weapon.cxx">
      <Filter>Source Files</Filter>
    </ClCompile>
    <ClCompile Include="src\bzflag\WeatherRenderer.cxx">
      <Filter>Source Files</Filter>
    </ClCompile>
    <ClCompile Include="src\bzflag\World.cxx">
      <Filter>Source Files</Filter>
    </ClCompile>
    <ClCompile Include="src\bzflag\WorldBuilder.cxx">
      <Filter>Source Files</Filter>
    </ClCompile>
    <ClCompile Include="src\bzflag\WorldPlayer.cxx">
      <Filter>Source Files</Filter>
    </ClCompile>
    <ClCompile Include="src\bzfs\AccessControlList.cxx">
      <Filter>Source Files</Filter>
    </ClCompile>
    <ClCompile Include="src\bzfs\Authentication.cxx">
      <Filter>Source Files</Filter>
    </ClCompile>
    <ClCompile Include="src\bzfs\BanCommands.cxx">
      <Filter>Source Files</Filter>
    </ClCompile>
    <ClCompile Include="src\bzfs\base64.cxx">
      <Filter>Source Files</Filter>
    </ClCompile>
    <ClCompile Include="src\bzfs\bzfs.cxx">
      <Filter>Source Files</Filter>
    </ClCompile>
    <ClCompile Include="src\bzfs\bzfsAPI.cxx">
      <Filter>Source Files</Filter>
    </ClCompile>
    <ClCompile Include="src\bzfs\bzfsHTTPAPI.cxx">
      <Filter>Source Files</Filter>
    </ClCompile>
    <ClCompile Include="src\bzfs\bzfsPlugins.cxx">
      <Filter>Source Files</Filter>
    </ClCompile>
    <ClCompile Include="src\bzfs\BZWError.cxx">
      <Filter>Source Files</Filter>
    </ClCompile>
    <ClCompile Include="src\bzfs\BZWReader.cxx">
      <Filter>Source Files</Filter>
    </ClCompile>
    <ClCompile Include="src\bzfs\CmdLineOptions.cxx">
      <Filter>Source Files</Filter>
    </ClCompile>
    <ClCompile Include="src\bzfs\commands.cxx">
      <Filter>Source Files</Filter>
    </ClCompile>
    <ClCompile Include="src\bzfs\CustomArc.cxx">
      <Filter>Source Files</Filter>
    </ClCompile>
    <ClCompile Include="src\bzfs\CustomBase.cxx">
      <Filter>Source Files</Filter>
    </ClCompile>
    <ClCompile Include="src\bzfs\CustomBox.cxx">
      <Filter>Source Files</Filter>
    </ClCompile>
    <ClCompile Include="src\bzfs\CustomCone.cxx">
      <Filter>Source Files</Filter>
    </ClCompile>
    <ClCompile Include="src\bzfs\CustomDynamicColor.cxx">
      <Filter>Source Files</Filter>
    </ClCompile>
    <ClCompile Include="src\bzfs\CustomGate.cxx">
      <Filter>Source Files</Filter>
    </ClCompile>
    <ClCompile Include="src\bzfs\CustomGroup.cxx">
      <Filter>Source Files</Filter>
    </ClCompile>
    <ClCompile Include="src\bzfs\CustomLink.cxx">
      <Filter>Source Files</Filter>
    </ClCompile>
    <ClCompile Include="src\bzfs\CustomMaterial.cxx">
      <Filter>Source Files</Filter>
    </ClCompile>
    <ClCompile Include="src\bzfs\CustomMesh.cxx">
      <Filter>Source Files</Filter>
    </ClCompile>
    <ClCompile Include="src\bzfs\CustomMeshFace.cxx">
      <Filter>Source Files</Filter>
    </ClCompile>
    <ClCompile Include="src\bzfs\CustomMeshTransform.cxx">
      <Filter>Source Files</Filter>
    </ClCompile>
    <ClCompile Include="src\bzfs\CustomPhysicsDriver.cxx">
      <Filter>Source Files</Filter>
    </ClCompile>
    <ClCompile Include="src\bzfs\CustomPyramid.cxx">
      <Filter>Source Files</Filter>
    </ClCompile>
    <ClCompile Include="src\bzfs\CustomSphere.cxx">
      <Filter>Source Files</Filter>
    </ClCompile>
    <ClCompile Include="src\bzfs\CustomTetra.cxx">
      <Filter>Source Files</Filter>
    </ClCompile>
    <ClCompile Include="src\bzfs\CustomTextureMatrix.cxx">
      <Filter>Source Files</Filter>
    </ClCompile>
    <ClCompile Include="src\bzfs\CustomWaterLevel.cxx">
      <Filter>Source Files</Filter>
    </ClCompile>
    <ClCompile Include="src\bzfs\CustomWeapon.cxx">
      <Filter>Source Files</Filter>
    </ClCompile>
    <ClCompile Include="src\bzfs\CustomWorld.cxx">
      <Filter>Source Files</Filter>
    </ClCompile>
    <ClCompile Include="src\bzfs\CustomZone.cxx">
      <Filter>Source Files</Filter>
    </ClCompile>
    <ClCompile Include="src\bzfs\DropGeometry.cxx">
      <Filter>Source Files</Filter>
    </ClCompile>
    <ClCompile Include="src\bzfs\EntryZones.cxx">
      <Filter>Source Files</Filter>
    </ClCompile>
    <ClCompile Include="src\bzfs\Filter.cxx">
      <Filter>Source Files</Filter>
    </ClCompile>
    <ClCompile Include="src\bzfs\FlagHistory.cxx">
      <Filter>Source Files</Filter>
    </ClCompile>
    <ClCompile Include="src\bzfs\FlagInfo.cxx">
      <Filter>Source Files</Filter>
    </ClCompile>
    <ClCompile Include="src\bzfs\GameKeeper.cxx">
      <Filter>Source Files</Filter>
    </ClCompile>
    <ClCompile Include="src\bzfs\ListServerConnection.cxx">
      <Filter>Source Files</Filter>
    </ClCompile>
    <ClCompile Include="src\bzfs\MasterBanList.cxx">
      <Filter>Source Files</Filter>
    </ClCompile>
    <ClCompile Include="src\bzfs\ParseMaterial.cxx">
      <Filter>Source Files</Filter>
    </ClCompile>
    <ClCompile Include="src\bzfs\Permissions.cxx">
      <Filter>Source Files</Filter>
    </ClCompile>
    <ClCompile Include="src\bzfs\RandomSpawnPolicy.cxx">
      <Filter>Source Files</Filter>
    </ClCompile>
    <ClCompile Include="src\bzfs\RecordReplay.cxx">
      <Filter>Source Files</Filter>
    </ClCompile>
    <ClCompile Include="src\bzfs\RejoinList.cxx">
      <Filter>Source Files</Filter>
    </ClCompile>
    <ClCompile Include="src\bzfs\Score.cxx">
      <Filter>Source Files</Filter>
    </ClCompile>
    <ClCompile Include="src\bzfs\ServerCommand.cxx">
      <Filter>Source Files</Filter>
    </ClCompile>
    <ClCompile Include="src\bzfs\ServerSidePlayer.cxx">
      <Filter>Source Files</Filter>
    </ClCompile>
    <ClCompile Include="src\bzfs\ShotManager.cxx">
      <Filter>Source Files</Filter>
    </ClCompile>
    <ClCompile Include="src\bzfs\SpawnPolicy.cxx">
      <Filter>Source Files</Filter>
    </ClCompile>
    <ClCompile Include="src\bzfs\SpawnPosition.cxx">
      <Filter>Source Files</Filter>
    </ClCompile>
    <ClCompile Include="src\bzfs\TeamBases.cxx">
      <Filter>Source Files</Filter>
    </ClCompile>
    <ClCompile Include="src\bzfs\VotingArbiter.cxx">
      <Filter>Source Files</Filter>
    </ClCompile>
    <ClCompile Include="src\bzfs\WorldEventManager.cxx">
      <Filter>Source Files</Filter>
    </ClCompile>
    <ClCompile Include="src\bzfs\WorldFileLocation.cxx">
      <Filter>Source Files</Filter>
    </ClCompile>
    <ClCompile Include="src\bzfs\WorldFileObject.cxx">
      <Filter>Source Files</Filter>
    </ClCompile>
    <ClCompile Include="src\bzfs\WorldFileObstacle.cxx">
      <Filter>Source Files</Filter>
    </ClCompile>
    <ClCompile Include="src\bzfs\WorldGenerators.cxx">
      <Filter>Source Files</Filter>
    </ClCompile>
    <ClCompile Include="src\bzfs\WorldInfo.cxx">
      <Filter>Source Files</Filter>
    </ClCompile>
    <ClCompile Include="src\bzfs\WorldWeapons.cxx">
      <Filter>Source Files</Filter>
    </ClCompile>
    <ClCompile Include="src\common\AccessList.cxx">
      <Filter>Source Files</Filter>
    </ClCompile>
    <ClCompile Include="src\common\AutoCompleter.cxx">
      <Filter>Source Files</Filter>
    </ClCompile>
    <ClCompile Include="src\common\Bundle.cxx">
      <Filter>Source Files</Filter>
    </ClCompile>
    <ClCompile Include="src\common\BundleMgr.cxx">
      <Filter>Source Files</Filter>
    </ClCompile>
    <ClCompile Include="src\common\BZDBCache.cxx">
      <Filter>Source Files</Filter>
    </ClCompile>
    <ClCompile Include="src\common\BZDBLocal.cxx">
      <Filter>Source Files</Filter>
    </ClCompile>
    <ClCompile Include="src\common\bzfio.cxx">
      <Filter>Source Files</Filter>
    </ClCompile>
    <ClCompile Include="src\common\bzglob.cxx">
      <Filter>Source Files</Filter>
    </ClCompile>
    <ClCompile Include="src\common\BzPNG.cxx">
      <Filter>Source Files</Filter>
    </ClCompile>
    <ClCompile Include="src\common\bzsignal.cxx">
      <Filter>Source Files</Filter>
    </ClCompile>
    <ClCompile Include="src\common\bz_Locale.cxx">
      <Filter>Source Files</Filter>
    </ClCompile>
    <ClCompile Include="src\common\CommandManager.cxx">
      <Filter>Source Files</Filter>
    </ClCompile>
    <ClCompile Include="src\common\ConfigFileManager.cxx">
      <Filter>Source Files</Filter>
    </ClCompile>
    <ClCompile Include="src\common\Country.cxx">
      <Filter>Source Files</Filter>
    </ClCompile>
    <ClCompile Include="src\common\cURLManager.cxx">
      <Filter>Source Files</Filter>
    </ClCompile>
    <ClCompile Include="src\common\ErrorHandler.cxx">
      <Filter>Source Files</Filter>
    </ClCompile>
    <ClCompile Include="src\common\FileManager.cxx">
      <Filter>Source Files</Filter>
    </ClCompile>
    <ClCompile Include="src\common\Flag.cxx">
      <Filter>Source Files</Filter>
    </ClCompile>
    <ClCompile Include="src\common\GameTime.cxx">
      <Filter>Source Files</Filter>
    </ClCompile>
    <ClCompile Include="src\common\global.cxx">
      <Filter>Source Files</Filter>
    </ClCompile>
    <ClCompile Include="src\common\KeyManager.cxx">
      <Filter>Source Files</Filter>
    </ClCompile>
    <ClCompile Include="src\common\Language.cxx">
      <Filter>Source Files</Filter>
    </ClCompile>
    <ClCompile Include="src\common\md5.cxx">
      <Filter>Source Files</Filter>
    </ClCompile>
    <ClCompile Include="src\common\messages.cxx">
      <Filter>Source Files</Filter>
    </ClCompile>
    <ClCompile Include="src\common\OSFile.cxx">
      <Filter>Source Files</Filter>
    </ClCompile>
    <ClCompile Include="src\common\ParseColor.cxx">
      <Filter>Source Files</Filter>
    </ClCompile>
    <ClCompile Include="src\common\PlayerState.cxx">
      <Filter>Source Files</Filter>
    </ClCompile>
    <ClCompile Include="src\common\ShotUpdate.cxx">
      <Filter>Source Files</Filter>
    </ClCompile>
    <ClCompile Include="src\common\StateDatabase.cxx">
      <Filter>Source Files</Filter>
    </ClCompile>
    <ClCompile Include="src\common\Team.cxx">
      <Filter>Source Files</Filter>
    </ClCompile>
    <ClCompile Include="src\common\TextChunkManager.cxx">
      <Filter>Source Files</Filter>
    </ClCompile>
    <ClCompile Include="src\common\TextUtils.cxx">
      <Filter>Source Files</Filter>
    </ClCompile>
    <ClCompile Include="src\common\TimeBomb.cxx">
      <Filter>Source Files</Filter>
    </ClCompile>
    <ClCompile Include="src\common\TimeKeeper.cxx">
      <Filter>Source Files</Filter>
    </ClCompile>
    <ClCompile Include="src\common\VotingBooth.cxx">
      <Filter>Source Files</Filter>
    </ClCompile>
    <ClCompile Include="src\common\WordFilter.cxx">
      <Filter>Source Files</Filter>
    </ClCompile>
    <ClCompile Include="src\date\buildDate.cxx">
      <Filter>Source Files</Filter>
    </ClCompile>
    <ClCompile Include="src\game\BzMaterial.cxx">
      <Filter>Source Files</Filter>
    </ClCompile>
    <ClCompile Include="src\game\CacheManager.cxx">
      <Filter>Source Files</Filter>
    </ClCompile>
    <ClCompile Include="src\game\CollisionManager.cxx">
      <Filter>Source Files</Filter>
    </ClCompile>
    <ClCompile Include="src\game\CommandsStandard.cxx">
      <Filter>Source Files</Filter>
    </ClCompile>
    <ClCompile Include="src\game\DirectoryNames.cxx">
      <Filter>Source Files</Filter>
    </ClCompile>
    <ClCompile Include="src\game\DynamicColor.cxx">
      <Filter>Source Files</Filter>
    </ClCompile>
    <ClCompile Include="src\game\Frustum.cxx">
      <Filter>Source Files</Filter>
    </ClCompile>
    <ClCompile Include="src\game\Intersect.cxx">
      <Filter>Source Files</Filter>
    </ClCompile>
    <ClCompile Include="src\game\LagInfo.cxx">
      <Filter>Source Files</Filter>
    </ClCompile>
    <ClCompile Include="src\game\LinkManager.cxx">
      <Filter>Source Files</Filter>
    </ClCompile>
    <ClCompile Include="src\game\MeshTransform.cxx">
      <Filter>Source Files</Filter>
    </ClCompile>
    <ClCompile Include="src\game\MsgStrings.cxx">
      <Filter>Source Files</Filter>
    </ClCompile>
    <ClCompile Include="src\game\NetHandler.cxx">
      <Filter>Source Files</Filter>
    </ClCompile>
    <ClCompile Include="src\game\PhysicsDriver.cxx">
      <Filter>Source Files</Filter>
    </ClCompile>
    <ClCompile Include="src\game\PlayerInfo.cxx">
      <Filter>Source Files</Filter>
    </ClCompile>
    <ClCompile Include="src\game\Ray.cxx">
      <Filter>Source Files</Filter>
    </ClCompile>
    <ClCompile Include="src\game\ServerItem.cxx">
      <Filter>Source Files</Filter>
    </ClCompile>
    <ClCompile Include="src\game\ServerList.cxx">
      <Filter>Source Files</Filter>
    </ClCompile>
    <ClCompile Include="src\game\ServerListCache.cxx">
      <Filter>Source Files</Filter>
    </ClCompile>
    <ClCompile Include="src\game\StartupInfo.cxx">
      <Filter>Source Files</Filter>
    </ClCompile>
    <ClCompile Include="src\game\TextureMatrix.cxx">
      <Filter>Source Files</Filter>
    </ClCompile>
    <ClCompile Include="src\geometry\AnimatedTreads.cxx">
      <Filter>Source Files</Filter>
    </ClCompile>
    <ClCompile Include="src\geometry\BillboardSceneNode.cxx">
      <Filter>Source Files</Filter>
    </ClCompile>
    <ClCompile Include="src\geometry\BoltSceneNode.cxx">
      <Filter>Source Files</Filter>
    </ClCompile>
    <ClCompile Include="src\geometry\EighthDBaseSceneNode.cxx">
      <Filter>Source Files</Filter>
    </ClCompile>
    <ClCompile Include="src\geometry\EighthDBoxSceneNode.cxx">
      <Filter>Source Files</Filter>
    </ClCompile>
    <ClCompile Include="src\geometry\EighthDimSceneNode.cxx">
      <Filter>Source Files</Filter>
    </ClCompile>
    <ClCompile Include="src\geometry\EighthDimShellNode.cxx">
      <Filter>Source Files</Filter>
    </ClCompile>
    <ClCompile Include="src\geometry\EighthDPyrSceneNode.cxx">
      <Filter>Source Files</Filter>
    </ClCompile>
    <ClCompile Include="src\geometry\FlagSceneNode.cxx">
      <Filter>Source Files</Filter>
    </ClCompile>
    <ClCompile Include="src\geometry\FlagWarpSceneNode.cxx">
      <Filter>Source Files</Filter>
    </ClCompile>
    <ClCompile Include="src\geometry\LaserSceneNode.cxx">
      <Filter>Source Files</Filter>
    </ClCompile>
    <ClCompile Include="src\geometry\MeshDrawMgr.cxx">
      <Filter>Source Files</Filter>
    </ClCompile>
    <ClCompile Include="src\geometry\MeshFragSceneNode.cxx">
      <Filter>Source Files</Filter>
    </ClCompile>
    <ClCompile Include="src\geometry\MeshPolySceneNode.cxx">
      <Filter>Source Files</Filter>
    </ClCompile>
    <ClCompile Include="src\geometry\MeshRenderNode.cxx">
      <Filter>Source Files</Filter>
    </ClCompile>
    <ClCompile Include="src\geometry\MeshSceneNode.cxx">
      <Filter>Source Files</Filter>
    </ClCompile>
    <ClCompile Include="src\geometry\OccluderSceneNode.cxx">
      <Filter>Source Files</Filter>
    </ClCompile>
    <ClCompile Include="src\geometry\PolyWallSceneNode.cxx">
      <Filter>Source Files</Filter>
    </ClCompile>
    <ClCompile Include="src\geometry\QuadWallSceneNode.cxx">
      <Filter>Source Files</Filter>
    </ClCompile>
    <ClCompile Include="src\geometry\SceneNode.cxx">
      <Filter>Source Files</Filter>
    </ClCompile>
    <ClCompile Include="src\geometry\SphereSceneNode.cxx">
      <Filter>Source Files</Filter>
    </ClCompile>
    <ClCompile Include="src\geometry\TankGeometryMgr.cxx">
      <Filter>Source Files</Filter>
    </ClCompile>
    <ClCompile Include="src\geometry\TankSceneNode.cxx">
      <Filter>Source Files</Filter>
    </ClCompile>
    <ClCompile Include="src\geometry\TriWallSceneNode.cxx">
      <Filter>Source Files</Filter>
    </ClCompile>
    <ClCompile Include="src\geometry\ViewFrustum.cxx">
      <Filter>Source Files</Filter>
    </ClCompile>
    <ClCompile Include="src\geometry\WallSceneNode.cxx">
      <Filter>Source Files</Filter>
    </ClCompile>
    <ClCompile Include="src\geometry\models\tank\high_barrel.cxx">
      <Filter>Source Files</Filter>
    </ClCompile>
    <ClCompile Include="src\geometry\models\tank\high_body.cxx">
      <Filter>Source Files</Filter>
    </ClCompile>
    <ClCompile Include="src\geometry\models\tank\high_ltread.cxx">
      <Filter>Source Files</Filter>
    </ClCompile>
    <ClCompile Include="src\geometry\models\tank\high_rtread.cxx">
      <Filter>Source Files</Filter>
    </ClCompile>
    <ClCompile Include="src\geometry\models\tank\high_turret.cxx">
      <Filter>Source Files</Filter>
    </ClCompile>
    <ClCompile Include="src\geometry\models\tank\low_barrel.cxx">
      <Filter>Source Files</Filter>
    </ClCompile>
    <ClCompile Include="src\geometry\models\tank\low_body.cxx">
      <Filter>Source Files</Filter>
    </ClCompile>
    <ClCompile Include="src\geometry\models\tank\low_ltread.cxx">
      <Filter>Source Files</Filter>
    </ClCompile>
    <ClCompile Include="src\geometry\models\tank\low_rtread.cxx">
      <Filter>Source Files</Filter>
    </ClCompile>
    <ClCompile Include="src\geometry\models\tank\low_turret.cxx">
      <Filter>Source Files</Filter>
    </ClCompile>
    <ClCompile Include="src\geometry\models\tank\medium_barrel.cxx">
      <Filter>Source Files</Filter>
    </ClCompile>
    <ClCompile Include="src\geometry\models\tank\medium_body.cxx">
      <Filter>Source Files</Filter>
    </ClCompile>
    <ClCompile Include="src\geometry\models\tank\medium_ltread.cxx">
      <Filter>Source Files</Filter>
    </ClCompile>
    <ClCompile Include="src\geometry\models\tank\medium_rtread.cxx">
      <Filter>Source Files</Filter>
    </ClCompile>
    <ClCompile Include="src\geometry\models\tank\medium_turret.cxx">
      <Filter>Source Files</Filter>
    </ClCompile>
    <ClCompile Include="src\mediafile\AudioFile.cxx">
      <Filter>Source Files</Filter>
    </ClCompile>
    <ClCompile Include="src\mediafile\ImageFile.cxx">
      <Filter>Source Files</Filter>
    </ClCompile>
    <ClCompile Include="src\mediafile\MediaFile.cxx">
      <Filter>Source Files</Filter>
    </ClCompile>
    <ClCompile Include="src\mediafile\OggAudioFile.cxx">
      <Filter>Source Files</Filter>
    </ClCompile>
    <ClCompile Include="src\mediafile\PNGImageFile.cxx">
      <Filter>Source Files</Filter>
    </ClCompile>
    <ClCompile Include="src\mediafile\SGIImageFile.cxx">
      <Filter>Source Files</Filter>
    </ClCompile>
    <ClCompile Include="src\mediafile\WaveAudioFile.cxx">
      <Filter>Source Files</Filter>
    </ClCompile>
    <ClCompile Include="src\net\Address.cxx">
      <Filter>Source Files</Filter>
    </ClCompile>
    <ClCompile Include="src\net\AresHandler.cxx">
      <Filter>Source Files</Filter>
    </ClCompile>
    <ClCompile Include="src\net\multicast.cxx">
      <Filter>Source Files</Filter>
    </ClCompile>
    <ClCompile Include="src\net\network.cxx">
      <Filter>Source Files</Filter>
    </ClCompile>
    <ClCompile Include="src\net\Pack.cxx">
      <Filter>Source Files</Filter>
    </ClCompile>
    <ClCompile Include="src\net\Ping.cxx">
      <Filter>Source Files</Filter>
    </ClCompile>
    <ClCompile Include="src\obstacle\ArcObstacle.cxx">
      <Filter>Source Files</Filter>
    </ClCompile>
    <ClCompile Include="src\obstacle\BaseBuilding.cxx">
      <Filter>Source Files</Filter>
    </ClCompile>
    <ClCompile Include="src\obstacle\BaseSceneNodeGenerator.cxx">
      <Filter>Source Files</Filter>
    </ClCompile>
    <ClCompile Include="src\obstacle\BoxBuilding.cxx">
      <Filter>Source Files</Filter>
    </ClCompile>
    <ClCompile Include="src\obstacle\BoxSceneNodeGenerator.cxx">
      <Filter>Source Files</Filter>
    </ClCompile>
    <ClCompile Include="src\obstacle\ConeObstacle.cxx">
      <Filter>Source Files</Filter>
    </ClCompile>
    <ClCompile Include="src\obstacle\EmptySceneNodeGenerator.cxx">
      <Filter>Source Files</Filter>
    </ClCompile>
    <ClCompile Include="src\obstacle\MeshDrawInfo.cxx">
      <Filter>Source Files</Filter>
    </ClCompile>
    <ClCompile Include="src\obstacle\MeshFace.cxx">
      <Filter>Source Files</Filter>
    </ClCompile>
    <ClCompile Include="src\obstacle\MeshObstacle.cxx">
      <Filter>Source Files</Filter>
    </ClCompile>
    <ClCompile Include="src\obstacle\MeshSceneNodeGenerator.cxx">
      <Filter>Source Files</Filter>
    </ClCompile>
    <ClCompile Include="src\obstacle\Obstacle.cxx">
      <Filter>Source Files</Filter>
    </ClCompile>
    <ClCompile Include="src\obstacle\ObstacleList.cxx">
      <Filter>Source Files</Filter>
    </ClCompile>
    <ClCompile Include="src\obstacle\ObstacleMgr.cxx">
      <Filter>Source Files</Filter>
    </ClCompile>
    <ClCompile Include="src\obstacle\ObstacleModifier.cxx">
      <Filter>Source Files</Filter>
    </ClCompile>
    <ClCompile Include="src\obstacle\ObstacleSceneNodeGenerator.cxx">
      <Filter>Source Files</Filter>
    </ClCompile>
    <ClCompile Include="src\obstacle\PyramidBuilding.cxx">
      <Filter>Source Files</Filter>
    </ClCompile>
    <ClCompile Include="src\obstacle\PyramidSceneNodeGenerator.cxx">
      <Filter>Source Files</Filter>
    </ClCompile>
    <ClCompile Include="src\obstacle\SphereObstacle.cxx">
      <Filter>Source Files</Filter>
    </ClCompile>
    <ClCompile Include="src\obstacle\Teleporter.cxx">
      <Filter>Source Files</Filter>
    </ClCompile>
    <ClCompile Include="src\obstacle\TeleporterSceneNodeGenerator.cxx">
      <Filter>Source Files</Filter>
    </ClCompile>
    <ClCompile Include="src\obstacle\TetraBuilding.cxx">
      <Filter>Source Files</Filter>
    </ClCompile>
    <ClCompile Include="src\obstacle\Triangulate.cxx">
      <Filter>Source Files</Filter>
    </ClCompile>
    <ClCompile Include="src\obstacle\WallObstacle.cxx">
      <Filter>Source Files</Filter>
    </ClCompile>
    <ClCompile Include="src\obstacle\WallSceneNodeGenerator.cxx">
      <Filter>Source Files</Filter>
    </ClCompile>
    <ClCompile Include="src\ogl\GLCollect.cxx">
      <Filter>Source Files</Filter>
    </ClCompile>
    <ClCompile Include="src\ogl\OpenGLFramebuffer.cxx">
      <Filter>Source Files</Filter>
    </ClCompile>
    <ClCompile Include="src\ogl\OpenGLGState.cxx">
      <Filter>Source Files</Filter>
    </ClCompile>
    <ClCompile Include="src\ogl\OpenGLLight.cxx">
      <Filter>Source Files</Filter>
    </ClCompile>
    <ClCompile Include="src\ogl\OpenGLMaterial.cxx">
      <Filter>Source Files</Filter>
    </ClCompile>
    <ClCompile Include="src\ogl\OpenGLTexture.cxx">
      <Filter>Source Files</Filter>
    </ClCompile>
    <ClCompile Include="src\ogl\OpenGLUtils.cxx">
      <Filter>Source Files</Filter>
    </ClCompile>
    <ClCompile Include="src\ogl\RenderNode.cxx">
      <Filter>Source Files</Filter>
    </ClCompile>
    <ClCompile Include="src\platform\BeOSDisplay.cxx">
      <Filter>Source Files</Filter>
    </ClCompile>
    <ClCompile Include="src\platform\BeOSMedia.cxx">
      <Filter>Source Files</Filter>
    </ClCompile>
    <ClCompile Include="src\platform\BeOSPlatformFactory.cxx">
      <Filter>Source Files</Filter>
    </ClCompile>
    <ClCompile Include="src\platform\BeOSVisual.cxx">
      <Filter>Source Files</Filter>
    </ClCompile>
    <ClCompile Include="src\platform\BeOSWindow.cxx">
      <Filter>Source Files</Filter>
    </ClCompile>
    <ClCompile Include="src\platform\BeOSWindow2.cxx">
      <Filter>Source Files</Filter>
    </ClCompile>
    <ClCompile Include="src\platform\BzfDisplay.cxx">
      <Filter>Source Files</Filter>
    </ClCompile>
    <ClCompile Include="src\platform\BzfJoystick.cxx">
      <Filter>Source Files</Filter>
    </ClCompile>
    <ClCompile Include="src\platform\BzfMedia.cxx">
      <Filter>Source Files</Filter>
    </ClCompile>
    <ClCompile Include="src\platform\BzfVisual.cxx">
      <Filter>Source Files</Filter>
    </ClCompile>
    <ClCompile Include="src\platform\BzfWindow.cxx">
      <Filter>Source Files</Filter>
    </ClCompile>
    <ClCompile Include="src\platform\DXJoystick.cxx">
      <Filter>Source Files</Filter>
    </ClCompile>
    <ClCompile Include="src\platform\EvdevJoystick.cxx">
      <Filter>Source Files</Filter>
    </ClCompile>
    <ClCompile Include="src\platform\LinuxDisplay.cxx">
      <Filter>Source Files</Filter>
    </ClCompile>
    <ClCompile Include="src\platform\LinuxMedia.cxx">
      <Filter>Source Files</Filter>
    </ClCompile>
    <ClCompile Include="src\platform\LinuxPlatformFactory.cxx">
      <Filter>Source Files</Filter>
    </ClCompile>
    <ClCompile Include="src\platform\MacDataPath.cxx">
      <Filter>Source Files</Filter>
    </ClCompile>
    <ClCompile Include="src\platform\NewMedia.cxx">
      <Filter>Source Files</Filter>
    </ClCompile>
    <ClCompile Include="src\platform\PlatformFactory.cxx">
      <Filter>Source Files</Filter>
    </ClCompile>
    <ClCompile Include="src\platform\SDL2Display.cxx">
      <Filter>Source Files</Filter>
    </ClCompile>
    <ClCompile Include="src\platform\SDL2Visual.cxx">
      <Filter>Source Files</Filter>
    </ClCompile>
    <ClCompile Include="src\platform\SDL2Window.cxx">
      <Filter>Source Files</Filter>
    </ClCompile>
    <ClCompile Include="src\platform\SDLDisplay.cxx">
      <Filter>Source Files</Filter>
    </ClCompile>
    <ClCompile Include="src\platform\SDLJoystick.cxx">
      <Filter>Source Files</Filter>
    </ClCompile>
    <ClCompile Include="src\platform\SDLMedia.cxx">
      <Filter>Source Files</Filter>
    </ClCompile>
    <ClCompile Include="src\platform\SDLPlatformFactory.cxx">
      <Filter>Source Files</Filter>
    </ClCompile>
    <ClCompile Include="src\platform\SGIDisplay.cxx">
      <Filter>Source Files</Filter>
    </ClCompile>
    <ClCompile Include="src\platform\SGIMedia.cxx">
      <Filter>Source Files</Filter>
    </ClCompile>
    <ClCompile Include="src\platform\SGIPlatformFactory.cxx">
      <Filter>Source Files</Filter>
    </ClCompile>
    <ClCompile Include="src\platform\SolarisMedia.cxx">
      <Filter>Source Files</Filter>
    </ClCompile>
    <ClCompile Include="src\platform\SolarisPlatformFactory.cxx">
      <Filter>Source Files</Filter>
    </ClCompile>
    <ClCompile Include="src\platform\USBJoystick.cxx">
      <Filter>Source Files</Filter>
    </ClCompile>
    <ClCompile Include="src\platform\wave.cxx">
      <Filter>Source Files</Filter>
    </ClCompile>
    <ClCompile Include="src\platform\WinDisplay.cxx">
      <Filter>Source Files</Filter>
    </ClCompile>
    <ClCompile Include="src\platform\WinJoystick.cxx">
      <Filter>Source Files</Filter>
    </ClCompile>
    <ClCompile Include="src\platform\WinMedia.cxx">
      <Filter>Source Files</Filter>
    </ClCompile>
    <ClCompile Include="src\platform\WinPlatformFactory.cxx">
      <Filter>Source Files</Filter>
    </ClCompile>
    <ClCompile Include="src\platform\WinVisual.cxx">
      <Filter>Source Files</Filter>
    </ClCompile>
    <ClCompile Include="src\platform\WinWindow.cxx">
      <Filter>Source Files</Filter>
    </ClCompile>
    <ClCompile Include="src\platform\XDisplay.cxx">
      <Filter>Source Files</Filter>
    </ClCompile>
    <ClCompile Include="src\platform\XIJoystick.cxx">
      <Filter>Source Files</Filter>
    </ClCompile>
    <ClCompile Include="src\platform\XVisual.cxx">
      <Filter>Source Files</Filter>
    </ClCompile>
    <ClCompile Include="src\platform\XWindow.cxx">
      <Filter>Source Files</Filter>
    </ClCompile>
    <ClCompile Include="src\scene\BSPSceneDatabase.cxx">
      <Filter>Source Files</Filter>
    </ClCompile>
    <ClCompile Include="src\scene\Occluder.cxx">
      <Filter>Source Files</Filter>
    </ClCompile>
    <ClCompile Include="src\scene\Octree.cxx">
      <Filter>Source Files</Filter>
    </ClCompile>
    <ClCompile Include="src\scene\SceneDatabase.cxx">
      <Filter>Source Files</Filter>
    </ClCompile>
    <ClCompile Include="src\scene\ZSceneDatabase.cxx">
      <Filter>Source Files</Filter>
    </ClCompile>
    <ClCompile Include="tools\bzwtransform\bzwTransform.cxx">
      <Filter>Source Files</Filter>
    </ClCompile>
    <ClCompile Include="tools\modeltool\modeltool.cxx">
      <Filter>Source Files</Filter>
    </ClCompile>
    <ClCompile Include="tools\modeltool\Q3BSP.cxx">
      <Filter>Source Files</Filter>
    </ClCompile>
    <ClCompile Include="tools\modeltool\SimpleTextUtils.cxx">
      <Filter>Source Files</Filter>
    </ClCompile>
    <ClCompile Include="tools\modeltool\wavefrontOBJ.cxx">
      <Filter>Source Files</Filter>
    </ClCompile>
    <ClCompile Include="tools\texttool2\TextTool2.cpp">
      <Filter>Source Files</Filter>
    </ClCompile>
  </ItemGroup>
  <ItemGroup>
    <ClInclude Include="include\AccessList.h">
      <Filter>Header Files</Filter>
    </ClInclude>
    <ClInclude Include="include\Address.h">
      <Filter>Header Files</Filter>
    </ClInclude>
    <ClInclude Include="include\AnsiCodes.h">
      <Filter>Header Files</Filter>
    </ClInclude>
    <ClInclude Include="include\ArcObstacle.h">
      <Filter>Header Files</Filter>
    </ClInclude>
    <ClInclude Include="include\AresHandler.h">
      <Filter>Header Files</Filter>
    </ClInclude>
    <ClInclude Include="include\AutoCompleter.h">
      <Filter>Header Files</Filter>
    </ClInclude>
    <ClInclude Include="include\BaseBuilding.h">
      <Filter>Header Files</Filter>
    </ClInclude>
    <ClInclude Include="include\BaseResources.h">
      <Filter>Header Files</Filter>
    </ClInclude>
    <ClInclude Include="include\BaseSceneNodeGenerator.h">
      <Filter>Header Files</Filter>
    </ClInclude>
    <ClInclude Include="include\BillboardSceneNode.h">
      <Filter>Header Files</Filter>
    </ClInclude>
    <ClInclude Include="include\BoltSceneNode.h">
      <Filter>Header Files</Filter>
    </ClInclude>
    <ClInclude Include="include\BoxBuilding.h">
      <Filter>Header Files</Filter>
    </ClInclude>
    <ClInclude Include="include\BoxSceneNodeGenerator.h">
      <Filter>Header Files</Filter>
    </ClInclude>
    <ClInclude Include="include\BSPSceneDatabase.h">
      <Filter>Header Files</Filter>
    </ClInclude>
    <ClInclude Include="include\Bundle.h">
      <Filter>Header Files</Filter>
    </ClInclude>
    <ClInclude Include="include\BundleMgr.h">
      <Filter>Header Files</Filter>
    </ClInclude>
    <ClInclude Include="include\BZDBCache.h">
      <Filter>Header Files</Filter>
    </ClInclude>
    <ClInclude Include="include\BZDBLocal.h">
      <Filter>Header Files</Filter>
    </ClInclude>
    <ClInclude Include="include\BzfDisplay.h">
      <Filter>Header Files</Filter>
    </ClInclude>
    <ClInclude Include="include\BzfEvent.h">
      <Filter>Header Files</Filter>
    </ClInclude>
    <ClInclude Include="include\bzfgl.h">
      <Filter>Header Files</Filter>
    </ClInclude>
    <ClInclude Include="include\bzfio.h">
      <Filter>Header Files</Filter>
    </ClInclude>
    <ClInclude Include="include\BzfJoystick.h">
      <Filter>Header Files</Filter>
    </ClInclude>
    <ClInclude Include="include\BzfMedia.h">
      <Filter>Header Files</Filter>
    </ClInclude>
    <ClInclude Include="include\bzfsAPI.h">
      <Filter>Header Files</Filter>
    </ClInclude>
    <ClInclude Include="include\bzfSDL.h">
      <Filter>Header Files</Filter>
    </ClInclude>
    <ClInclude Include="include\bzfsHTTPAPI.h">
      <Filter>Header Files</Filter>
    </ClInclude>
    <ClInclude Include="include\BzfVisual.h">
      <Filter>Header Files</Filter>
    </ClInclude>
    <ClInclude Include="include\BzfWindow.h">
      <Filter>Header Files</Filter>
    </ClInclude>
    <ClInclude Include="include\bzglob.h">
      <Filter>Header Files</Filter>
    </ClInclude>
    <ClInclude Include="include\BzMaterial.h">
      <Filter>Header Files</Filter>
    </ClInclude>
    <ClInclude Include="include\BzPNG.h">
      <Filter>Header Files</Filter>
    </ClInclude>
    <ClInclude Include="include\bzsignal.h">
      <Filter>Header Files</Filter>
    </ClInclude>
    <ClInclude Include="include\bz_Locale.h">
      <Filter>Header Files</Filter>
    </ClInclude>
    <ClInclude Include="include\CacheManager.h">
      <Filter>Header Files</Filter>
    </ClInclude>
    <ClInclude Include="include\CallbackList.h">
      <Filter>Header Files</Filter>
    </ClInclude>
    <ClInclude Include="include\CollisionManager.h">
      <Filter>Header Files</Filter>
    </ClInclude>
    <ClInclude Include="include\CommandManager.h">
      <Filter>Header Files</Filter>
    </ClInclude>
    <ClInclude Include="include\CommandsStandard.h">
      <Filter>Header Files</Filter>
    </ClInclude>
    <ClInclude Include="include\common.h">
      <Filter>Header Files</Filter>
    </ClInclude>
    <ClInclude Include="include\ConeObstacle.h">
      <Filter>Header Files</Filter>
    </ClInclude>
    <ClInclude Include="include\ConfigFileManager.h">
      <Filter>Header Files</Filter>
    </ClInclude>
    <ClInclude Include="include\Country.h">
      <Filter>Header Files</Filter>
    </ClInclude>
    <ClInclude Include="include\cURLManager.h">
      <Filter>Header Files</Filter>
    </ClInclude>
    <ClInclude Include="include\DirectoryNames.h">
      <Filter>Header Files</Filter>
    </ClInclude>
    <ClInclude Include="include\DynamicColor.h">
      <Filter>Header Files</Filter>
    </ClInclude>
    <ClInclude Include="include\EighthDBaseSceneNode.h">
      <Filter>Header Files</Filter>
    </ClInclude>
    <ClInclude Include="include\EighthDBoxSceneNode.h">
      <Filter>Header Files</Filter>
    </ClInclude>
    <ClInclude Include="include\EighthDimSceneNode.h">
      <Filter>Header Files</Filter>
    </ClInclude>
    <ClInclude Include="include\EighthDimShellNode.h">
      <Filter>Header Files</Filter>
    </ClInclude>
    <ClInclude Include="include\EighthDPyrSceneNode.h">
      <Filter>Header Files</Filter>
    </ClInclude>
    <ClInclude Include="include\EmptySceneNodeGenerator.h">
      <Filter>Header Files</Filter>
    </ClInclude>
    <ClInclude Include="include\ErrorHandler.h">
      <Filter>Header Files</Filter>
    </ClInclude>
    <ClInclude Include="include\Extents.h">
      <Filter>Header Files</Filter>
    </ClInclude>
    <ClInclude Include="include\FileManager.h">
      <Filter>Header Files</Filter>
    </ClInclude>
    <ClInclude Include="include\Flag.h">
      <Filter>Header Files</Filter>
    </ClInclude>
    <ClInclude Include="include\FlagSceneNode.h">
      <Filter>Header Files</Filter>
    </ClInclude>
    <ClInclude Include="include\FlagWarpSceneNode.h">
      <Filter>Header Files</Filter>
    </ClInclude>
    <ClInclude Include="include\FontManager.h">
      <Filter>Header Files</Filter>
    </ClInclude>
    <ClInclude Include="include\Frustum.h">
      <Filter>Header Files</Filter>
    </ClInclude>
    <ClInclude Include="include\GameTime.h">
      <Filter>Header Files</Filter>
    </ClInclude>
    <ClInclude Include="include\GLCollect.h">
      <Filter>Header Files</Filter>
    </ClInclude>
    <ClInclude Include="include\glext.h">
      <Filter>Header Files</Filter>
    </ClInclude>
    <ClInclude Include="include\global.h">
      <Filter>Header Files</Filter>
    </ClInclude>
    <ClInclude Include="include\Intersect.h">
      <Filter>Header Files</Filter>
    </ClInclude>
    <ClInclude Include="include\KeyManager.h">
      <Filter>Header Files</Filter>
    </ClInclude>
    <ClInclude Include="include\LagInfo.h">
      <Filter>Header Files</Filter>
    </ClInclude>
    <ClInclude Include="include\Language.h">
      <Filter>Header Files</Filter>
    </ClInclude>
    <ClInclude Include="include\LaserSceneNode.h">
      <Filter>Header Files</Filter>
    </ClInclude>
    <ClInclude Include="include\LinkManager.h">
      <Filter>Header Files</Filter>
    </ClInclude>
    <ClInclude Include="include\ListServer.h">
      <Filter>Header Files</Filter>
    </ClInclude>
    <ClInclude Include="include\md5.h">
      <Filter>Header Files</Filter>
    </ClInclude>
    <ClInclude Include="include\MediaFile.h">
      <Filter>Header Files</Filter>
    </ClInclude>
    <ClInclude Include="include\MeshDrawInfo.h">
      <Filter>Header Files</Filter>
    </ClInclude>
    <ClInclude Include="include\MeshDrawMgr.h">
      <Filter>Header Files</Filter>
    </ClInclude>
    <ClInclude Include="include\MeshFace.h">
      <Filter>Header Files</Filter>
    </ClInclude>
    <ClInclude Include="include\MeshFragSceneNode.h">
      <Filter>Header Files</Filter>
    </ClInclude>
    <ClInclude Include="include\MeshObstacle.h">
      <Filter>Header Files</Filter>
    </ClInclude>
    <ClInclude Include="include\MeshPolySceneNode.h">
      <Filter>Header Files</Filter>
    </ClInclude>
    <ClInclude Include="include\MeshSceneNode.h">
      <Filter>Header Files</Filter>
    </ClInclude>
    <ClInclude Include="include\MeshSceneNodeGenerator.h">
      <Filter>Header Files</Filter>
    </ClInclude>
    <ClInclude Include="include\MeshTransform.h">
      <Filter>Header Files</Filter>
    </ClInclude>
    <ClInclude Include="include\messages.h">
      <Filter>Header Files</Filter>
    </ClInclude>
    <ClInclude Include="include\MsgStrings.h">
      <Filter>Header Files</Filter>
    </ClInclude>
    <ClInclude Include="include\multicast.h">
      <Filter>Header Files</Filter>
    </ClInclude>
    <ClInclude Include="include\NetHandler.h">
      <Filter>Header Files</Filter>
    </ClInclude>
    <ClInclude Include="include\network.h">
      <Filter>Header Files</Filter>
    </ClInclude>
    <ClInclude Include="include\Obstacle.h">
      <Filter>Header Files</Filter>
    </ClInclude>
    <ClInclude Include="include\ObstacleList.h">
      <Filter>Header Files</Filter>
    </ClInclude>
    <ClInclude Include="include\ObstacleMgr.h">
      <Filter>Header Files</Filter>
    </ClInclude>
    <ClInclude Include="include\ObstacleModifier.h">
      <Filter>Header Files</Filter>
    </ClInclude>
    <ClInclude Include="include\ObstacleSceneNodeGenerator.h">
      <Filter>Header Files</Filter>
    </ClInclude>
    <ClInclude Include="include\OccluderSceneNode.h">
      <Filter>Header Files</Filter>
    </ClInclude>
    <ClInclude Include="include\OpenGLFramebuffer.h">
      <Filter>Header Files</Filter>
    </ClInclude>
    <ClInclude Include="include\OpenGLGState.h">
      <Filter>Header Files</Filter>
    </ClInclude>
    <ClInclude Include="include\OpenGLLight.h">
      <Filter>Header Files</Filter>
    </ClInclude>
    <ClInclude Include="include\OpenGLMaterial.h">
      <Filter>Header Files</Filter>
    </ClInclude>
    <ClInclude Include="include\OpenGLTexture.h">
      <Filter>Header Files</Filter>
    </ClInclude>
    <ClInclude Include="include\OpenGLUtils.h">
      <Filter>Header Files</Filter>
    </ClInclude>
    <ClInclude Include="include\OSFile.h">
      <Filter>Header Files</Filter>
    </ClInclude>
    <ClInclude Include="include\Pack.h">
      <Filter>Header Files</Filter>
    </ClInclude>
    <ClInclude Include="include\ParseColor.h">
      <Filter>Header Files</Filter>
    </ClInclude>
    <ClInclude Include="include\PhysicsDriver.h">
      <Filter>Header Files</Filter>
    </ClInclude>
    <ClInclude Include="include\Ping.h">
      <Filter>Header Files</Filter>
    </ClInclude>
    <ClInclude Include="include\PlatformFactory.h">
      <Filter>Header Files</Filter>
    </ClInclude>
    <ClInclude Include="include\PlayerInfo.h">
      <Filter>Header Files</Filter>
    </ClInclude>
    <ClInclude Include="include\PlayerState.h">
      <Filter>Header Files</Filter>
    </ClInclude>
    <ClInclude Include="include\PolyWallSceneNode.h">
      <Filter>Header Files</Filter>
    </ClInclude>
    <ClInclude Include="include\Protocol.h">
      <Filter>Header Files</Filter>
    </ClInclude>
    <ClInclude Include="include\PyramidBuilding.h">
      <Filter>Header Files</Filter>
    </ClInclude>
    <ClInclude Include="include\PyramidSceneNodeGenerator.h">
      <Filter>Header Files</Filter>
    </ClInclude>
    <ClInclude Include="include\QuadWallSceneNode.h">
      <Filter>Header Files</Filter>
    </ClInclude>
    <ClInclude Include="include\Ray.h">
      <Filter>Header Files</Filter>
    </ClInclude>
    <ClInclude Include="include\RenderNode.h">
      <Filter>Header Files</Filter>
    </ClInclude>
    <ClInclude Include="include\SceneDatabase.h">
      <Filter>Header Files</Filter>
    </ClInclude>
    <ClInclude Include="include\SceneNode.h">
      <Filter>Header Files</Filter>
    </ClInclude>
    <ClInclude Include="include\SceneRenderer.h">
      <Filter>Header Files</Filter>
    </ClInclude>
    <ClInclude Include="include\ServerItem.h">
      <Filter>Header Files</Filter>
    </ClInclude>
    <ClInclude Include="include\ServerList.h">
      <Filter>Header Files</Filter>
    </ClInclude>
    <ClInclude Include="include\ServerListCache.h">
      <Filter>Header Files</Filter>
    </ClInclude>
    <ClInclude Include="include\ShotSceneNode.h">
      <Filter>Header Files</Filter>
    </ClInclude>
    <ClInclude Include="include\ShotUpdate.h">
      <Filter>Header Files</Filter>
    </ClInclude>
    <ClInclude Include="include\Singleton.h">
      <Filter>Header Files</Filter>
    </ClInclude>
    <ClInclude Include="include\SphereObstacle.h">
      <Filter>Header Files</Filter>
    </ClInclude>
    <ClInclude Include="include\SphereSceneNode.h">
      <Filter>Header Files</Filter>
    </ClInclude>
    <ClInclude Include="include\StartupInfo.h">
      <Filter>Header Files</Filter>
    </ClInclude>
    <ClInclude Include="include\StateDatabase.h">
      <Filter>Header Files</Filter>
    </ClInclude>
    <ClInclude Include="include\TankGeometryMgr.h">
      <Filter>Header Files</Filter>
    </ClInclude>
    <ClInclude Include="include\TankSceneNode.h">
      <Filter>Header Files</Filter>
    </ClInclude>
    <ClInclude Include="include\Team.h">
      <Filter>Header Files</Filter>
    </ClInclude>
    <ClInclude Include="include\Teleporter.h">
      <Filter>Header Files</Filter>
    </ClInclude>
    <ClInclude Include="include\TeleporterSceneNodeGenerator.h">
      <Filter>Header Files</Filter>
    </ClInclude>
    <ClInclude Include="include\TetraBuilding.h">
      <Filter>Header Files</Filter>
    </ClInclude>
    <ClInclude Include="include\TextChunkManager.h">
      <Filter>Header Files</Filter>
    </ClInclude>
    <ClInclude Include="include\TextureManager.h">
      <Filter>Header Files</Filter>
    </ClInclude>
    <ClInclude Include="include\TextureMatrix.h">
      <Filter>Header Files</Filter>
    </ClInclude>
    <ClInclude Include="include\TextUtils.h">
      <Filter>Header Files</Filter>
    </ClInclude>
    <ClInclude Include="include\TimeBomb.h">
      <Filter>Header Files</Filter>
    </ClInclude>
    <ClInclude Include="include\TimeKeeper.h">
      <Filter>Header Files</Filter>
    </ClInclude>
    <ClInclude Include="include\TriWallSceneNode.h">
      <Filter>Header Files</Filter>
    </ClInclude>
    <ClInclude Include="include\vectors.h">
      <Filter>Header Files</Filter>
    </ClInclude>
    <ClInclude Include="include\vectors_old.h">
      <Filter>Header Files</Filter>
    </ClInclude>
    <ClInclude Include="include\version.h">
      <Filter>Header Files</Filter>
    </ClInclude>
    <ClInclude Include="include\ViewFrustum.h">
      <Filter>Header Files</Filter>
    </ClInclude>
    <ClInclude Include="include\VotingBooth.h">
      <Filter>Header Files</Filter>
    </ClInclude>
    <ClInclude Include="include\WallObstacle.h">
      <Filter>Header Files</Filter>
    </ClInclude>
    <ClInclude Include="include\WallSceneNode.h">
      <Filter>Header Files</Filter>
    </ClInclude>
    <ClInclude Include="include\WallSceneNodeGenerator.h">
      <Filter>Header Files</Filter>
    </ClInclude>
    <ClInclude Include="include\win32.h">
      <Filter>Header Files</Filter>
    </ClInclude>
    <ClInclude Include="include\WordFilter.h">
      <Filter>Header Files</Filter>
    </ClInclude>
    <ClInclude Include="include\WorldEventManager.h">
      <Filter>Header Files</Filter>
    </ClInclude>
    <ClInclude Include="include\ZSceneDatabase.h">
      <Filter>Header Files</Filter>
    </ClInclude>
    <ClInclude Include="misc\Template.h">
      <Filter>Header Files</Filter>
    </ClInclude>
    <ClInclude Include="msvc\resource.h">
      <Filter>Header Files</Filter>
    </ClInclude>
    <ClInclude Include="msvc\build\config.h">
      <Filter>Header Files</Filter>
    </ClInclude>
    <ClInclude Include="plugins\bzfscron\CronJob.h">
      <Filter>Header Files</Filter>
    </ClInclude>
    <ClInclude Include="plugins\plugin_utils\plugin_config.h">
      <Filter>Header Files</Filter>
    </ClInclude>
    <ClInclude Include="plugins\plugin_utils\plugin_files.h">
      <Filter>Header Files</Filter>
    </ClInclude>
    <ClInclude Include="plugins\plugin_utils\plugin_groups.h">
      <Filter>Header Files</Filter>
    </ClInclude>
    <ClInclude Include="plugins\plugin_utils\plugin_utils.h">
      <Filter>Header Files</Filter>
    </ClInclude>
    <ClInclude Include="plugins\serversideplayersample\playerHandler.h">
      <Filter>Header Files</Filter>
    </ClInclude>
    <ClInclude Include="src\3d\ImageFont.h">
      <Filter>Header Files</Filter>
    </ClInclude>
    <ClInclude Include="src\3d\TextureFont.h">
      <Filter>Header Files</Filter>
    </ClInclude>
    <ClInclude Include="src\bzadmin\BZAdminClient.h">
      <Filter>Header Files</Filter>
    </ClInclude>
    <ClInclude Include="src\bzadmin\BZAdminUI.h">
      <Filter>Header Files</Filter>
    </ClInclude>
    <ClInclude Include="src\bzadmin\colors.h">
      <Filter>Header Files</Filter>
    </ClInclude>
    <ClInclude Include="src\bzadmin\CursesMenu.h">
      <Filter>Header Files</Filter>
    </ClInclude>
    <ClInclude Include="src\bzadmin\CursesUI.h">
      <Filter>Header Files</Filter>
    </ClInclude>
    <ClInclude Include="src\bzadmin\curses_wrapper.h">
      <Filter>Header Files</Filter>
    </ClInclude>
    <ClInclude Include="src\bzadmin\OptionParser.h">
      <Filter>Header Files</Filter>
    </ClInclude>
    <ClInclude Include="src\bzadmin\PlayerInfo.h">
      <Filter>Header Files</Filter>
    </ClInclude>
    <ClInclude Include="src\bzadmin\ServerLink.h">
      <Filter>Header Files</Filter>
    </ClInclude>
    <ClInclude Include="src\bzadmin\StdBothUI.h">
      <Filter>Header Files</Filter>
    </ClInclude>
    <ClInclude Include="src\bzadmin\StdInUI.h">
      <Filter>Header Files</Filter>
    </ClInclude>
    <ClInclude Include="src\bzadmin\StdOutUI.h">
      <Filter>Header Files</Filter>
    </ClInclude>
    <ClInclude Include="src\bzadmin\UIMap.h">
      <Filter>Header Files</Filter>
    </ClInclude>
    <ClInclude Include="src\bzflag\ActionBinding.h">
      <Filter>Header Files</Filter>
    </ClInclude>
    <ClInclude Include="src\bzflag\AudioMenu.h">
      <Filter>Header Files</Filter>
    </ClInclude>
    <ClInclude Include="src\bzflag\AutoPilot.h">
      <Filter>Header Files</Filter>
    </ClInclude>
    <ClInclude Include="src\bzflag\BackgroundRenderer.h">
      <Filter>Header Files</Filter>
    </ClInclude>
    <ClInclude Include="src\bzflag\BaseLocalPlayer.h">
      <Filter>Header Files</Filter>
    </ClInclude>
    <ClInclude Include="src\bzflag\bzflag.h">
      <Filter>Header Files</Filter>
    </ClInclude>
    <ClInclude Include="src\bzflag\CacheMenu.h">
      <Filter>Header Files</Filter>
    </ClInclude>
    <ClInclude Include="src\bzflag\callbacks.h">
      <Filter>Header Files</Filter>
    </ClInclude>
    <ClInclude Include="src\bzflag\clientConfig.h">
      <Filter>Header Files</Filter>
    </ClInclude>
    <ClInclude Include="src\bzflag\commands.h">
      <Filter>Header Files</Filter>
    </ClInclude>
    <ClInclude Include="src\bzflag\ComposeDefaultKey.h">
      <Filter>Header Files</Filter>
    </ClInclude>
    <ClInclude Include="src\bzflag\ControlPanel.h">
      <Filter>Header Files</Filter>
    </ClInclude>
    <ClInclude Include="src\bzflag\daylight.h">
      <Filter>Header Files</Filter>
    </ClInclude>
    <ClInclude Include="src\bzflag\defaultBZDB.h">
      <Filter>Header Files</Filter>
    </ClInclude>
    <ClInclude Include="src\bzflag\DisplayMenu.h">
      <Filter>Header Files</Filter>
    </ClInclude>
    <ClInclude Include="src\bzflag\Downloads.h">
      <Filter>Header Files</Filter>
    </ClInclude>
    <ClInclude Include="src\bzflag\EffectsMenu.h">
      <Filter>Header Files</Filter>
    </ClInclude>
    <ClInclude Include="src\bzflag\effectsRenderer.h">
      <Filter>Header Files</Filter>
    </ClInclude>
    <ClInclude Include="src\bzflag\EntryZone.h">
      <Filter>Header Files</Filter>
    </ClInclude>
    <ClInclude Include="src\bzflag\FlashClock.h">
      <Filter>Header Files</Filter>
    </ClInclude>
    <ClInclude Include="src\bzflag\ForceFeedback.h">
      <Filter>Header Files</Filter>
    </ClInclude>
    <ClInclude Include="src\bzflag\FormatMenu.h">
      <Filter>Header Files</Filter>
    </ClInclude>
    <ClInclude Include="src\bzflag\GuidedMissleStrategy.h">
      <Filter>Header Files</Filter>
    </ClInclude>
    <ClInclude Include="src\bzflag\GUIOptionsMenu.h">
      <Filter>Header Files</Filter>
    </ClInclude>
    <ClInclude Include="src\bzflag\HelpMenu.h">
      <Filter>Header Files</Filter>
    </ClInclude>
    <ClInclude Include="src\bzflag\HUDDialog.h">
      <Filter>Header Files</Filter>
    </ClInclude>
    <ClInclude Include="src\bzflag\HUDDialogStack.h">
      <Filter>Header Files</Filter>
    </ClInclude>
    <ClInclude Include="src\bzflag\HUDRenderer.h">
      <Filter>Header Files</Filter>
    </ClInclude>
    <ClInclude Include="src\bzflag\HUDui.h">
      <Filter>Header Files</Filter>
    </ClInclude>
    <ClInclude Include="src\bzflag\HUDuiControl.h">
      <Filter>Header Files</Filter>
    </ClInclude>
    <ClInclude Include="src\bzflag\HUDuiDefaultKey.h">
      <Filter>Header Files</Filter>
    </ClInclude>
    <ClInclude Include="src\bzflag\HUDuiLabel.h">
      <Filter>Header Files</Filter>
    </ClInclude>
    <ClInclude Include="src\bzflag\HUDuiList.h">
      <Filter>Header Files</Filter>
    </ClInclude>
    <ClInclude Include="src\bzflag\HUDuiTextureLabel.h">
      <Filter>Header Files</Filter>
    </ClInclude>
    <ClInclude Include="src\bzflag\HUDuiTypeIn.h">
      <Filter>Header Files</Filter>
    </ClInclude>
    <ClInclude Include="src\bzflag\InputMenu.h">
      <Filter>Header Files</Filter>
    </ClInclude>
    <ClInclude Include="src\bzflag\JoinMenu.h">
      <Filter>Header Files</Filter>
    </ClInclude>
    <ClInclude Include="src\bzflag\KeyboardMapMenu.h">
      <Filter>Header Files</Filter>
    </ClInclude>
    <ClInclude Include="src\bzflag\LocalCommand.h">
      <Filter>Header Files</Filter>
    </ClInclude>
    <ClInclude Include="src\bzflag\LocalPlayer.h">
      <Filter>Header Files</Filter>
    </ClInclude>
    <ClInclude Include="src\bzflag\MainMenu.h">
      <Filter>Header Files</Filter>
    </ClInclude>
    <ClInclude Include="src\bzflag\MainWindow.h">
      <Filter>Header Files</Filter>
    </ClInclude>
    <ClInclude Include="src\bzflag\MenuDefaultKey.h">
      <Filter>Header Files</Filter>
    </ClInclude>
    <ClInclude Include="src\bzflag\motd.h">
      <Filter>Header Files</Filter>
    </ClInclude>
    <ClInclude Include="src\bzflag\NewVersionMenu.h">
      <Filter>Header Files</Filter>
    </ClInclude>
    <ClInclude Include="src\bzflag\OptionsMenu.h">
      <Filter>Header Files</Filter>
    </ClInclude>
    <ClInclude Include="src\bzflag\Plan.h">
      <Filter>Header Files</Filter>
    </ClInclude>
    <ClInclude Include="src\bzflag\Player.h">
      <Filter>Header Files</Filter>
    </ClInclude>
    <ClInclude Include="src\bzflag\playing.h">
      <Filter>Header Files</Filter>
    </ClInclude>
    <ClInclude Include="src\bzflag\QuickKeysMenu.h">
      <Filter>Header Files</Filter>
    </ClInclude>
    <ClInclude Include="src\bzflag\QuitMenu.h">
      <Filter>Header Files</Filter>
    </ClInclude>
    <ClInclude Include="src\bzflag\RadarRenderer.h">
      <Filter>Header Files</Filter>
    </ClInclude>
    <ClInclude Include="src\bzflag\Region.h">
      <Filter>Header Files</Filter>
    </ClInclude>
    <ClInclude Include="src\bzflag\RegionPriorityQueue.h">
      <Filter>Header Files</Filter>
    </ClInclude>
    <ClInclude Include="src\bzflag\RemotePlayer.h">
      <Filter>Header Files</Filter>
    </ClInclude>
    <ClInclude Include="src\bzflag\Roaming.h">
      <Filter>Header Files</Filter>
    </ClInclude>
    <ClInclude Include="src\bzflag\RobotPlayer.h">
      <Filter>Header Files</Filter>
    </ClInclude>
    <ClInclude Include="src\bzflag\RoofTops.h">
      <Filter>Header Files</Filter>
    </ClInclude>
    <ClInclude Include="src\bzflag\Roster.h">
      <Filter>Header Files</Filter>
    </ClInclude>
    <ClInclude Include="src\bzflag\SaveWorldMenu.h">
      <Filter>Header Files</Filter>
    </ClInclude>
    <ClInclude Include="src\bzflag\SceneBuilder.h">
      <Filter>Header Files</Filter>
    </ClInclude>
    <ClInclude Include="src\bzflag\ScoreboardRenderer.h">
      <Filter>Header Files</Filter>
    </ClInclude>
    <ClInclude Include="src\bzflag\SegmentedShotStrategy.h">
      <Filter>Header Files</Filter>
    </ClInclude>
    <ClInclude Include="src\bzflag\ServerCommandKey.h">
      <Filter>Header Files</Filter>
    </ClInclude>
    <ClInclude Include="src\bzflag\ServerLink.h">
      <Filter>Header Files</Filter>
    </ClInclude>
    <ClInclude Include="src\bzflag\ServerListFilter.h">
      <Filter>Header Files</Filter>
    </ClInclude>
    <ClInclude Include="src\bzflag\ServerListFilterHelpMenu.h">
      <Filter>Header Files</Filter>
    </ClInclude>
    <ClInclude Include="src\bzflag\ServerListFilterMenu.h">
      <Filter>Header Files</Filter>
    </ClInclude>
    <ClInclude Include="src\bzflag\ServerMenu.h">
      <Filter>Header Files</Filter>
    </ClInclude>
    <ClInclude Include="src\bzflag\ServerStartMenu.h">
      <Filter>Header Files</Filter>
    </ClInclude>
    <ClInclude Include="src\bzflag\ShockWaveStrategy.h">
      <Filter>Header Files</Filter>
    </ClInclude>
    <ClInclude Include="src\bzflag\ShotPath.h">
      <Filter>Header Files</Filter>
    </ClInclude>
    <ClInclude Include="src\bzflag\ShotPathSegment.h">
      <Filter>Header Files</Filter>
    </ClInclude>
    <ClInclude Include="src\bzflag\ShotStatistics.h">
      <Filter>Header Files</Filter>
    </ClInclude>
    <ClInclude Include="src\bzflag\ShotStats.h">
      <Filter>Header Files</Filter>
    </ClInclude>
    <ClInclude Include="src\bzflag\ShotStatsDefaultKey.h">
      <Filter>Header Files</Filter>
    </ClInclude>
    <ClInclude Include="src\bzflag\ShotStrategy.h">
      <Filter>Header Files</Filter>
    </ClInclude>
    <ClInclude Include="src\bzflag\SilenceDefaultKey.h">
      <Filter>Header Files</Filter>
    </ClInclude>
    <ClInclude Include="src\bzflag\sound.h">
      <Filter>Header Files</Filter>
    </ClInclude>
    <ClInclude Include="src\bzflag\stars.h">
      <Filter>Header Files</Filter>
    </ClInclude>
    <ClInclude Include="src\bzflag\TargetingUtils.h">
      <Filter>Header Files</Filter>
    </ClInclude>
    <ClInclude Include="src\bzflag\TrackMarks.h">
      <Filter>Header Files</Filter>
    </ClInclude>
    <ClInclude Include="src\bzflag\Weapon.h">
      <Filter>Header Files</Filter>
    </ClInclude>
    <ClInclude Include="src\bzflag\WeatherRenderer.h">
      <Filter>Header Files</Filter>
    </ClInclude>
    <ClInclude Include="src\bzflag\World.h">
      <Filter>Header Files</Filter>
    </ClInclude>
    <ClInclude Include="src\bzflag\WorldBuilder.h">
      <Filter>Header Files</Filter>
    </ClInclude>
    <ClInclude Include="src\bzflag\WorldPlayer.h">
      <Filter>Header Files</Filter>
    </ClInclude>
    <ClInclude Include="src\bzfs\AccessControlList.h">
      <Filter>Header Files</Filter>
    </ClInclude>
    <ClInclude Include="src\bzfs\Authentication.h">
      <Filter>Header Files</Filter>
    </ClInclude>
    <ClInclude Include="src\bzfs\base64.h">
      <Filter>Header Files</Filter>
    </ClInclude>
    <ClInclude Include="src\bzfs\bzfs.h">
      <Filter>Header Files</Filter>
    </ClInclude>
    <ClInclude Include="src\bzfs\bzfsPlugins.h">
      <Filter>Header Files</Filter>
    </ClInclude>
    <ClInclude Include="src\bzfs\BZWError.h">
      <Filter>Header Files</Filter>
    </ClInclude>
    <ClInclude Include="src\bzfs\BZWReader.h">
      <Filter>Header Files</Filter>
    </ClInclude>
    <ClInclude Include="src\bzfs\CmdLineOptions.h">
      <Filter>Header Files</Filter>
    </ClInclude>
    <ClInclude Include="src\bzfs\commands.h">
      <Filter>Header Files</Filter>
    </ClInclude>
    <ClInclude Include="src\bzfs\CustomArc.h">
      <Filter>Header Files</Filter>
    </ClInclude>
    <ClInclude Include="src\bzfs\CustomBase.h">
      <Filter>Header Files</Filter>
    </ClInclude>
    <ClInclude Include="src\bzfs\CustomBox.h">
      <Filter>Header Files</Filter>
    </ClInclude>
    <ClInclude Include="src\bzfs\CustomCone.h">
      <Filter>Header Files</Filter>
    </ClInclude>
    <ClInclude Include="src\bzfs\CustomDynamicColor.h">
      <Filter>Header Files</Filter>
    </ClInclude>
    <ClInclude Include="src\bzfs\CustomGate.h">
      <Filter>Header Files</Filter>
    </ClInclude>
    <ClInclude Include="src\bzfs\CustomGroup.h">
      <Filter>Header Files</Filter>
    </ClInclude>
    <ClInclude Include="src\bzfs\CustomLink.h">
      <Filter>Header Files</Filter>
    </ClInclude>
    <ClInclude Include="src\bzfs\CustomMaterial.h">
      <Filter>Header Files</Filter>
    </ClInclude>
    <ClInclude Include="src\bzfs\CustomMesh.h">
      <Filter>Header Files</Filter>
    </ClInclude>
    <ClInclude Include="src\bzfs\CustomMeshFace.h">
      <Filter>Header Files</Filter>
    </ClInclude>
    <ClInclude Include="src\bzfs\CustomMeshTransform.h">
      <Filter>Header Files</Filter>
    </ClInclude>
    <ClInclude Include="src\bzfs\CustomPhysicsDriver.h">
      <Filter>Header Files</Filter>
    </ClInclude>
    <ClInclude Include="src\bzfs\CustomPyramid.h">
      <Filter>Header Files</Filter>
    </ClInclude>
    <ClInclude Include="src\bzfs\CustomSphere.h">
      <Filter>Header Files</Filter>
    </ClInclude>
    <ClInclude Include="src\bzfs\CustomTetra.h">
      <Filter>Header Files</Filter>
    </ClInclude>
    <ClInclude Include="src\bzfs\CustomTextureMatrix.h">
      <Filter>Header Files</Filter>
    </ClInclude>
    <ClInclude Include="src\bzfs\CustomWaterLevel.h">
      <Filter>Header Files</Filter>
    </ClInclude>
    <ClInclude Include="src\bzfs\CustomWeapon.h">
      <Filter>Header Files</Filter>
    </ClInclude>
    <ClInclude Include="src\bzfs\CustomWorld.h">
      <Filter>Header Files</Filter>
    </ClInclude>
    <ClInclude Include="src\bzfs\CustomZone.h">
      <Filter>Header Files</Filter>
    </ClInclude>
    <ClInclude Include="src\bzfs\DropGeometry.h">
      <Filter>Header Files</Filter>
    </ClInclude>
    <ClInclude Include="src\bzfs\EntryZones.h">
      <Filter>Header Files</Filter>
    </ClInclude>
    <ClInclude Include="src\bzfs\Filter.h">
      <Filter>Header Files</Filter>
    </ClInclude>
    <ClInclude Include="src\bzfs\FlagHistory.h">
      <Filter>Header Files</Filter>
    </ClInclude>
    <ClInclude Include="src\bzfs\FlagInfo.h">
      <Filter>Header Files</Filter>
    </ClInclude>
    <ClInclude Include="src\bzfs\GameKeeper.h">
      <Filter>Header Files</Filter>
    </ClInclude>
    <ClInclude Include="src\bzfs\ListServerConnection.h">
      <Filter>Header Files</Filter>
    </ClInclude>
    <ClInclude Include="src\bzfs\MasterBanList.h">
      <Filter>Header Files</Filter>
    </ClInclude>
    <ClInclude Include="src\bzfs\PackVars.h">
      <Filter>Header Files</Filter>
    </ClInclude>
    <ClInclude Include="src\bzfs\ParseMaterial.h">
      <Filter>Header Files</Filter>
    </ClInclude>
    <ClInclude Include="src\bzfs\Permissions.h">
      <Filter>Header Files</Filter>
    </ClInclude>
    <ClInclude Include="src\bzfs\RandomSpawnPolicy.h">
      <Filter>Header Files</Filter>
    </ClInclude>
    <ClInclude Include="src\bzfs\RecordReplay.h">
      <Filter>Header Files</Filter>
    </ClInclude>
    <ClInclude Include="src\bzfs\RejoinList.h">
      <Filter>Header Files</Filter>
    </ClInclude>
    <ClInclude Include="src\bzfs\Score.h">
      <Filter>Header Files</Filter>
    </ClInclude>
    <ClInclude Include="src\bzfs\ServerCommand.h">
      <Filter>Header Files</Filter>
    </ClInclude>
    <ClInclude Include="src\bzfs\ShotManager.h">
      <Filter>Header Files</Filter>
    </ClInclude>
    <ClInclude Include="src\bzfs\SpawnPolicy.h">
      <Filter>Header Files</Filter>
    </ClInclude>
    <ClInclude Include="src\bzfs\SpawnPosition.h">
      <Filter>Header Files</Filter>
    </ClInclude>
    <ClInclude Include="src\bzfs\TeamBases.h">
      <Filter>Header Files</Filter>
    </ClInclude>
    <ClInclude Include="src\bzfs\VotingArbiter.h">
      <Filter>Header Files</Filter>
    </ClInclude>
    <ClInclude Include="src\bzfs\WorldFileLocation.h">
      <Filter>Header Files</Filter>
    </ClInclude>
    <ClInclude Include="src\bzfs\WorldFileObject.h">
      <Filter>Header Files</Filter>
    </ClInclude>
    <ClInclude Include="src\bzfs\WorldFileObstacle.h">
      <Filter>Header Files</Filter>
    </ClInclude>
    <ClInclude Include="src\bzfs\WorldGenerators.h">
      <Filter>Header Files</Filter>
    </ClInclude>
    <ClInclude Include="src\bzfs\WorldInfo.h">
      <Filter>Header Files</Filter>
    </ClInclude>
    <ClInclude Include="src\bzfs\WorldWeapons.h">
      <Filter>Header Files</Filter>
    </ClInclude>
    <ClInclude Include="src\geometry\MeshRenderNode.h">
      <Filter>Header Files</Filter>
    </ClInclude>
    <ClInclude Include="src\mediafile\AudioFile.h">
      <Filter>Header Files</Filter>
    </ClInclude>
    <ClInclude Include="src\mediafile\ImageFile.h">
      <Filter>Header Files</Filter>
    </ClInclude>
    <ClInclude Include="src\mediafile\OggAudioFile.h">
      <Filter>Header Files</Filter>
    </ClInclude>
    <ClInclude Include="src\mediafile\PNGImageFile.h">
      <Filter>Header Files</Filter>
    </ClInclude>
    <ClInclude Include="src\mediafile\SGIImageFile.h">
      <Filter>Header Files</Filter>
    </ClInclude>
    <ClInclude Include="src\mediafile\WaveAudioFile.h">
      <Filter>Header Files</Filter>
    </ClInclude>
    <ClInclude Include="src\obstacle\MeshUtils.h">
      <Filter>Header Files</Filter>
    </ClInclude>
    <ClInclude Include="src\obstacle\Triangulate.h">
      <Filter>Header Files</Filter>
    </ClInclude>
    <ClInclude Include="src\platform\BeOSDisplay.h">
      <Filter>Header Files</Filter>
    </ClInclude>
    <ClInclude Include="src\platform\BeOSMedia.h">
      <Filter>Header Files</Filter>
    </ClInclude>
    <ClInclude Include="src\platform\BeOSPlatformFactory.h">
      <Filter>Header Files</Filter>
    </ClInclude>
    <ClInclude Include="src\platform\BeOSVisual.h">
      <Filter>Header Files</Filter>
    </ClInclude>
    <ClInclude Include="src\platform\BeOSWindow.h">
      <Filter>Header Files</Filter>
    </ClInclude>
    <ClInclude Include="src\platform\DXJoystick.h">
      <Filter>Header Files</Filter>
    </ClInclude>
    <ClInclude Include="src\platform\EvdevJoystick.h">
      <Filter>Header Files</Filter>
    </ClInclude>
    <ClInclude Include="src\platform\LinuxDisplay.h">
      <Filter>Header Files</Filter>
    </ClInclude>
    <ClInclude Include="src\platform\LinuxMedia.h">
      <Filter>Header Files</Filter>
    </ClInclude>
    <ClInclude Include="src\platform\LinuxPlatformFactory.h">
      <Filter>Header Files</Filter>
    </ClInclude>
    <ClInclude Include="src\platform\NewMedia.h">
      <Filter>Header Files</Filter>
    </ClInclude>
    <ClInclude Include="src\platform\SDL2Display.h">
      <Filter>Header Files</Filter>
    </ClInclude>
    <ClInclude Include="src\platform\SDL2Visual.h">
      <Filter>Header Files</Filter>
    </ClInclude>
    <ClInclude Include="src\platform\SDL2Window.h">
      <Filter>Header Files</Filter>
    </ClInclude>
    <ClInclude Include="src\platform\SDLDisplay.h">
      <Filter>Header Files</Filter>
    </ClInclude>
    <ClInclude Include="src\platform\SDLJoystick.h">
      <Filter>Header Files</Filter>
    </ClInclude>
    <ClInclude Include="src\platform\SDLMain.h">
      <Filter>Header Files</Filter>
    </ClInclude>
    <ClInclude Include="src\platform\SDLMedia.h">
      <Filter>Header Files</Filter>
    </ClInclude>
    <ClInclude Include="src\platform\SDLPlatformFactory.h">
      <Filter>Header Files</Filter>
    </ClInclude>
    <ClInclude Include="src\platform\SGIDisplay.h">
      <Filter>Header Files</Filter>
    </ClInclude>
    <ClInclude Include="src\platform\SGIMedia.h">
      <Filter>Header Files</Filter>
    </ClInclude>
    <ClInclude Include="src\platform\SGIPlatformFactory.h">
      <Filter>Header Files</Filter>
    </ClInclude>
    <ClInclude Include="src\platform\SolarisMedia.h">
      <Filter>Header Files</Filter>
    </ClInclude>
    <ClInclude Include="src\platform\SolarisPlatformFactory.h">
      <Filter>Header Files</Filter>
    </ClInclude>
    <ClInclude Include="src\platform\USBJoystick.h">
      <Filter>Header Files</Filter>
    </ClInclude>
    <ClInclude Include="src\platform\wave.h">
      <Filter>Header Files</Filter>
    </ClInclude>
    <ClInclude Include="src\platform\WinDisplay.h">
      <Filter>Header Files</Filter>
    </ClInclude>
    <ClInclude Include="src\platform\WinJoystick.h">
      <Filter>Header Files</Filter>
    </ClInclude>
    <ClInclude Include="src\platform\WinMedia.h">
      <Filter>Header Files</Filter>
    </ClInclude>
    <ClInclude Include="src\platform\WinPlatformFactory.h">
      <Filter>Header Files</Filter>
    </ClInclude>
    <ClInclude Include="src\platform\WinVisual.h">
      <Filter>Header Files</Filter>
    </ClInclude>
    <ClInclude Include="src\platform\WinWindow.h">
      <Filter>Header Files</Filter>
    </ClInclude>
    <ClInclude Include="src\platform\XDisplay.h">
      <Filter>Header Files</Filter>
    </ClInclude>
    <ClInclude Include="src\platform\XIJoystick.h">
      <Filter>Header Files</Filter>
    </ClInclude>
    <ClInclude Include="src\platform\XVisual.h">
      <Filter>Header Files</Filter>
    </ClInclude>
    <ClInclude Include="src\platform\XWindow.h">
      <Filter>Header Files</Filter>
    </ClInclude>
    <ClInclude Include="src\scene\Occluder.h">
      <Filter>Header Files</Filter>
    </ClInclude>
    <ClInclude Include="src\scene\Octree.h">
      <Filter>Header Files</Filter>
    </ClInclude>
    <ClInclude Include="tools\modeltool\model.h">
      <Filter>Header Files</Filter>
    </ClInclude>
    <ClInclude Include="tools\modeltool\Q3BSP.h">
      <Filter>Header Files</Filter>
    </ClInclude>
    <ClInclude Include="tools\modeltool\SimpleTextUtils.h">
      <Filter>Header Files</Filter>
    </ClInclude>
    <ClInclude Include="tools\modeltool\wavefrontOBJ.h">
      <Filter>Header Files</Filter>
    </ClInclude>
    <ClInclude Include="xcode\config.h">
      <Filter>Header Files</Filter>
    </ClInclude>
  </ItemGroup>
  <ItemGroup>
    <ResourceCompile Include="msvc\bzflag.rc">
      <Filter>Resource Files</Filter>
    </ResourceCompile>
    <ResourceCompile Include="msvc\Version.rc">
      <Filter>Resource Files</Filter>
    </ResourceCompile>
  </ItemGroup>
</Project>